Microsoft Visual Studio Solution File, Format Version 12.00
# Visual Studio Version 17
VisualStudioVersion = 17.5.2.0
MinimumVisualStudioVersion = 10.0.40219.1
Project("{2150E333-8FDC-42A3-9474-1A3956D46DE8}") = "server", "server", "{DAD03CFC-D5FA-AC94-41C7-9ABAB326F09E}"
EndProject
Project("{FAE04EC0-301F-11D3-BF4B-00C04F79EFBC}") = "SmartSeat", "server\SmartSeat\SmartSeat.csproj", "{C9C0C42E-8BE5-8128-826B-F2C70CE57A44}"
EndProject
Global
	GlobalSection(SolutionConfigurationPlatforms) = preSolution
		Debug|Any CPU = Debug|Any CPU
		Release|Any CPU = Release|Any CPU
	EndGlobalSection
	GlobalSection(ProjectConfigurationPlatforms) = postSolution
		{C9C0C42E-8BE5-8128-826B-F2C70CE57A44}.Debug|Any CPU.ActiveCfg = Debug|Any CPU
		{C9C0C42E-8BE5-8128-826B-F2C70CE57A44}.Debug|Any CPU.Build.0 = Debug|Any CPU
		{C9C0C42E-8BE5-8128-826B-F2C70CE57A44}.Release|Any CPU.ActiveCfg = Release|Any CPU
		{C9C0C42E-8BE5-8128-826B-F2C70CE57A44}.Release|Any CPU.Build.0 = Release|Any CPU
	EndGlobalSection
	GlobalSection(SolutionProperties) = preSolution
		HideSolutionNode = FALSE
	EndGlobalSection
	GlobalSection(NestedProjects) = preSolution
		{C9C0C42E-8BE5-8128-826B-F2C70CE57A44} = {DAD03CFC-D5FA-AC94-41C7-9ABAB326F09E}
	EndGlobalSection
	GlobalSection(ExtensibilityGlobals) = postSolution
		SolutionGuid = {626335B4-DCA0-4DE5-B1B4-513A7D62A63A}
	EndGlobalSection
EndGlobal
